
Microsoft Visual Studio Solution File, Format Version 12.00
# Visual Studio Version 17
VisualStudioVersion = 17.11.35431.28
MinimumVisualStudioVersion = 10.0.40219.1
Project("{FAE04EC0-301F-11D3-BF4B-00C04F79EFBC}") = "TraversalApiProje", "TraversalApiProje\TraversalApiProje.csproj", "{12FCF527-A3F6-42F3-AC5E-93633DFE9611}"
EndProject
Global
	GlobalSection(SolutionConfigurationPlatforms) = preSolution
		Debug|Any CPU = Debug|Any CPU
		Release|Any CPU = Release|Any CPU
	EndGlobalSection
	GlobalSection(ProjectConfigurationPlatforms) = postSolution
		{12FCF527-A3F6-42F3-AC5E-93633DFE9611}.Debug|Any CPU.ActiveCfg = Debug|Any CPU
		{12FCF527-A3F6-42F3-AC5E-93633DFE9611}.Debug|Any CPU.Build.0 = Debug|Any CPU
		{12FCF527-A3F6-42F3-AC5E-93633DFE9611}.Release|Any CPU.ActiveCfg = Release|Any CPU
		{12FCF527-A3F6-42F3-AC5E-93633DFE9611}.Release|Any CPU.Build.0 = Release|Any CPU
	EndGlobalSection
	GlobalSection(SolutionProperties) = preSolution
		HideSolutionNode = FALSE
	EndGlobalSection
	GlobalSection(ExtensibilityGlobals) = postSolution
		SolutionGuid = {A1237D16-CBE5-462D-BE31-0527C1B97981}
	EndGlobalSection
EndGlobal
